# THIS IS AN AUTOGENERATED FILE. DO NOT EDIT THIS FILE DIRECTLY.
# yarn lockfile v1


"@next/env@13.1.6-canary.0":
  version "13.1.6-canary.0"
  resolved "https://registry.yarnpkg.com/@next/env/-/env-13.1.6-canary.0.tgz#bdc7502ff8b0518e37c1b2c792ab7ac602da8cd3"
  integrity sha512-yfK2qNIgjsgGxslHMtHvfPaiHDc0H++5FZU00uXPUwVig4b1cRCAE4dB/svxhlLLhDLP1B63wIr3ACUI/jLN8w==

"@next/swc-android-arm-eabi@13.1.6-canary.0":
  version "13.1.6-canary.0"
  resolved "https://registry.yarnpkg.com/@next/swc-android-arm-eabi/-/swc-android-arm-eabi-13.1.6-canary.0.tgz#ccda478ed30fa4bc47ce0398bed56cb8f49f878d"
  integrity sha512-BxOGlAVMUhXs1p/7F3+5E+Ev7Qe3O3yZ5Cxom/v1SUvrzEdMGP0AYu9q9UA9Qqe/OAFmpvNpgr3+S2MgwoEEsA==

"@next/swc-android-arm64@13.1.6-canary.0":
  version "13.1.6-canary.0"
  resolved "https://registry.yarnpkg.com/@next/swc-android-arm64/-/swc-android-arm64-13.1.6-canary.0.tgz#54b04ee4605b929a8bee0d852b07ed21114da2c5"
  integrity sha512-c9qrR4udjcXrB3SQcYiya4HZVNDBk1EC4aqC9LMrpix93pnELxSvkfHMu0PVLVXTw8Opwpv8InEmjHI4gol7kA==

"@next/swc-darwin-arm64@13.1.6-canary.0":
  version "13.1.6-canary.0"
  resolved "https://registry.yarnpkg.com/@next/swc-darwin-arm64/-/swc-darwin-arm64-13.1.6-canary.0.tgz#248bc5e2fe97f866f3d675aca711e4a1dc257d83"
  integrity sha512-pvckeqrTLPmzC0QyTiOekr21e4W38CgAPG0mLEkB6BybS94LmrLrL69G+umYy1PwjbGgZ4NUrBwrfPAonof1Hw==

"@next/swc-darwin-x64@13.1.6-canary.0":
  version "13.1.6-canary.0"
  resolved "https://registry.yarnpkg.com/@next/swc-darwin-x64/-/swc-darwin-x64-13.1.6-canary.0.tgz#73f3338aabea7ea465d894951605a6cd7c9e23a5"
  integrity sha512-ZoJrw+OreB+xkJ+9KWziuUWkMzLdm+p/NLO8MUgg7b9ptLkrXvTh+oT+moBEZzLHA3M7G4uH6yGh3ZL8bjKFJg==

"@next/swc-freebsd-x64@13.1.6-canary.0":
  version "13.1.6-canary.0"
  resolved "https://registry.yarnpkg.com/@next/swc-freebsd-x64/-/swc-freebsd-x64-13.1.6-canary.0.tgz#6208a46238ecf9bc8004b6fbf8ebeb54e3fc5ca0"
  integrity sha512-0YrpSMguwRmGwSnOb4t5VVb3/LaY2aUKP+vFEjFANDnLJVrlUcMcGNRBpbSWoUoMkeqik724c1onssMjyTvDpA==

"@next/swc-linux-arm-gnueabihf@13.1.6-canary.0":
  version "13.1.6-canary.0"
  resolved "https://registry.yarnpkg.com/@next/swc-linux-arm-gnueabihf/-/swc-linux-arm-gnueabihf-13.1.6-canary.0.tgz#d9c37b417385b63f6c7eb2593a0b47f532dde6de"
  integrity sha512-mT1z6+rjQ00dyF9co6jRGF8eX65YqYNY5cUo8TUJkr5vfxHOpfySglNjrogWrPKXqp6+sLVrEqbrx3yWRfZRqw==

"@next/swc-linux-arm64-gnu@13.1.6-canary.0":
  version "13.1.6-canary.0"
  resolved "https://registry.yarnpkg.com/@next/swc-linux-arm64-gnu/-/swc-linux-arm64-gnu-13.1.6-canary.0.tgz#c80b592d0b6c265b525a2632ee13154b12ad0574"
  integrity sha512-KJqWqc0B7/gn43WHaL395aQ8MlizKs4l6obwwUzy9IUGzjkN5h3INcYJwCdOcjvAWm7EGoiQYAFcud/O0JBuUg==

"@next/swc-linux-arm64-musl@13.1.6-canary.0":
  version "13.1.6-canary.0"
  resolved "https://registry.yarnpkg.com/@next/swc-linux-arm64-musl/-/swc-linux-arm64-musl-13.1.6-canary.0.tgz#809fdfcb069d6e22cd679b0032550e3931b029fa"
  integrity sha512-ZiejIP+pnEBJOIHwfb170uDBmGcPIsUy6/pYZwp4POHxJLVjSmG8uXJ//+xUy0XULK41RlRMvgQxNx8DNR4gFQ==

"@next/swc-linux-x64-gnu@13.1.6-canary.0":
  version "13.1.6-canary.0"
  resolved "https://registry.yarnpkg.com/@next/swc-linux-x64-gnu/-/swc-linux-x64-gnu-13.1.6-canary.0.tgz#3e8b0e92f58d7ceef98c115f28734e67edb88e95"
  integrity sha512-rMR7H2/uK9kcVyLO7qUcEkBqccdHAOVJip0W6IYkSZL0/p3cCM93DlaRZnOzpIUstFq3RL9aDZK3FKBOJzin5g==

"@next/swc-linux-x64-musl@13.1.6-canary.0":
  version "13.1.6-canary.0"
  resolved "https://registry.yarnpkg.com/@next/swc-linux-x64-musl/-/swc-linux-x64-musl-13.1.6-canary.0.tgz#87bf63120e5c5d3c41f7b8153161357b272821aa"
  integrity sha512-3TSmi96KRode0iw44cAMIHQgI4KgmtScyzy0BkKE26KERQ2GBATtpJTd/BFqGFXlRgilKbhCBmsLiBzVhfNOnQ==

"@next/swc-win32-arm64-msvc@13.1.6-canary.0":
  version "13.1.6-canary.0"
  resolved "https://registry.yarnpkg.com/@next/swc-win32-arm64-msvc/-/swc-win32-arm64-msvc-13.1.6-canary.0.tgz#01723dd8616787f445d24a03a22189c77e9da0c0"
  integrity sha512-NuIlslFQFdcGmKS9xP6IGYxCk8cJwoosCuoq884MMJAK8DCDnHV54/uisMDNFCaEPiOIwX8A6mX0g6UdBRIbYQ==

"@next/swc-win32-ia32-msvc@13.1.6-canary.0":
  version "13.1.6-canary.0"
  resolved "https://registry.yarnpkg.com/@next/swc-win32-ia32-msvc/-/swc-win32-ia32-msvc-13.1.6-canary.0.tgz#9c2cc742d495da1da154af7183adcbc026ce8b13"
  integrity sha512-77Ha81qdgZIiu/rdlm9sIFS4CF3j5n2actd8A7RqWsDaqPfYyD9s6JgWANoVOfAIcLlVviYekG8NS0cxX+gO/g==

"@next/swc-win32-x64-msvc@13.1.6-canary.0":
  version "13.1.6-canary.0"
  resolved "https://registry.yarnpkg.com/@next/swc-win32-x64-msvc/-/swc-win32-x64-msvc-13.1.6-canary.0.tgz#7fed5929f2ad9ce106bae5d14644058185ed3d70"
  integrity sha512-Q+eoytQpMFW8kAPg/kQRJH0IUzOlZzT8i3ty54YsRyE3f5YbsFRQOG2fOm+Bhdi/5iJVMgEg6p8ZZW+mk61haw==

"@swc/helpers@0.4.14":
  version "0.4.14"
  resolved "https://registry.yarnpkg.com/@swc/helpers/-/helpers-0.4.14.tgz#1352ac6d95e3617ccb7c1498ff019654f1e12a74"
  integrity sha512-4C7nX/dvpzB7za4Ql9K81xK3HPxCpHMgwTZVyf+9JQ6VUbn9jjZVN7/Nkdz/Ugzs2CSjqnL/UPXroiVBVHUWUw==
  dependencies:
    tslib "^2.4.0"

caniuse-lite@^1.0.30001406:
  version "1.0.30001447"
  resolved "https://registry.yarnpkg.com/caniuse-lite/-/caniuse-lite-1.0.30001447.tgz#ef1f39ae38d839d7176713735a8e467a0a2523bd"
  integrity sha512-bdKU1BQDPeEXe9A39xJnGtY0uRq/z5osrnXUw0TcK+EYno45Y+U7QU9HhHEyzvMDffpYadFXi3idnSNkcwLkTw==

client-only@0.0.1:
  version "0.0.1"
  resolved "https://registry.yarnpkg.com/client-only/-/client-only-0.0.1.tgz#38bba5d403c41ab150bff64a95c85013cf73bca1"
  integrity sha512-IV3Ou0jSMzZrd3pZ48nLkT9DA7Ag1pnPzaiQhpW7c3RbcqqzvzzVu+L8gfqMp/8IM2MQtSiqaCxrrcfu8I8rMA==

"js-tokens@^3.0.0 || ^4.0.0":
  version "4.0.0"
  resolved "https://registry.yarnpkg.com/js-tokens/-/js-tokens-4.0.0.tgz#19203fb59991df98e3a287050d4647cdeaf32499"
  integrity sha512-RdJUflcE3cUzKiMqQgsCu06FPu9UdIJO0beYbPhHN4k6apgJtifcoCtT9bcxOpYBtpD2kCM6Sbzg4CausW/PKQ==

loose-envify@^1.1.0:
  version "1.4.0"
  resolved "https://registry.yarnpkg.com/loose-envify/-/loose-envify-1.4.0.tgz#71ee51fa7be4caec1a63839f7e682d8132d30caf"
  integrity sha512-lyuxPGr/Wfhrlem2CL/UcnUc1zcqKAImBDzukY7Y5F/yQiNdko6+fRLevlw1HgMySw7f611UIY408EtxRSoK3Q==
  dependencies:
    js-tokens "^3.0.0 || ^4.0.0"

nanoid@^3.3.4:
  version "3.3.4"
  resolved "https://registry.yarnpkg.com/nanoid/-/nanoid-3.3.4.tgz#730b67e3cd09e2deacf03c027c81c9d9dbc5e8ab"
  integrity sha512-MqBkQh/OHTS2egovRtLk45wEyNXwF+cokD+1YPf9u5VfJiRdAiRwB2froX5Co9Rh20xs4siNPm8naNotSD6RBw==

next@canary:
  version "13.1.6-canary.0"
  resolved "https://registry.yarnpkg.com/next/-/next-13.1.6-canary.0.tgz#08082b865c1cf1f604af2f3d51cc70a50104369f"
  integrity sha512-bciBX3GHQ33fb0WpM/0WxzO2GnTzkokKERepdyomjH5iGH/VG1l8mDdXNHOCqojOlcDlESjxkPlFT/VKPWYUIA==
  dependencies:
    "@next/env" "13.1.6-canary.0"
    "@swc/helpers" "0.4.14"
    caniuse-lite "^1.0.30001406"
    postcss "8.4.14"
    styled-jsx "5.1.1"
  optionalDependencies:
    "@next/swc-android-arm-eabi" "13.1.6-canary.0"
    "@next/swc-android-arm64" "13.1.6-canary.0"
    "@next/swc-darwin-arm64" "13.1.6-canary.0"
    "@next/swc-darwin-x64" "13.1.6-canary.0"
    "@next/swc-freebsd-x64" "13.1.6-canary.0"
    "@next/swc-linux-arm-gnueabihf" "13.1.6-canary.0"
    "@next/swc-linux-arm64-gnu" "13.1.6-canary.0"
    "@next/swc-linux-arm64-musl" "13.1.6-canary.0"
    "@next/swc-linux-x64-gnu" "13.1.6-canary.0"
    "@next/swc-linux-x64-musl" "13.1.6-canary.0"
    "@next/swc-win32-arm64-msvc" "13.1.6-canary.0"
    "@next/swc-win32-ia32-msvc" "13.1.6-canary.0"
    "@next/swc-win32-x64-msvc" "13.1.6-canary.0"

picocolors@^1.0.0:
  version "1.0.0"
  resolved "https://registry.yarnpkg.com/picocolors/-/picocolors-1.0.0.tgz#cb5bdc74ff3f51892236eaf79d68bc44564ab81c"
  integrity sha512-1fygroTLlHu66zi26VoTDv8yRgm0Fccecssto+MhsZ0D/DGW2sm8E8AjW7NU5VVTRt5GxbeZ5qBuJr+HyLYkjQ==

postcss@8.4.14:
  version "8.4.14"
  resolved "https://registry.yarnpkg.com/postcss/-/postcss-8.4.14.tgz#ee9274d5622b4858c1007a74d76e42e56fd21caf"
  integrity sha512-E398TUmfAYFPBSdzgeieK2Y1+1cpdxJx8yXbK/m57nRhKSmk1GB2tO4lbLBtlkfPQTDKfe4Xqv1ASWPpayPEig==
  dependencies:
    nanoid "^3.3.4"
    picocolors "^1.0.0"
    source-map-js "^1.0.2"

react-dom@latest:
  version "18.2.0"
  resolved "https://registry.yarnpkg.com/react-dom/-/react-dom-18.2.0.tgz#22aaf38708db2674ed9ada224ca4aa708d821e3d"
  integrity sha512-6IMTriUmvsjHUjNtEDudZfuDQUoWXVxKHhlEGSk81n4YFS+r/Kl99wXiwlVXtPBtJenozv2P+hxDsw9eA7Xo6g==
  dependencies:
    loose-envify "^1.1.0"
    scheduler "^0.23.0"

react@latest:
  version "18.2.0"
  resolved "https://registry.yarnpkg.com/react/-/react-18.2.0.tgz#555bd98592883255fa00de14f1151a917b5d77d5"
  integrity sha512-/3IjMdb2L9QbBdWiW5e3P2/npwMBaU9mHCSCUzNln0ZCYbcfTsGbTJrU/kGemdH2IWmB2ioZ+zkxtmq6g09fGQ==
  dependencies:
    loose-envify "^1.1.0"

scheduler@^0.23.0:
  version "0.23.0"
  resolved "https://registry.yarnpkg.com/scheduler/-/scheduler-0.23.0.tgz#ba8041afc3d30eb206a487b6b384002e4e61fdfe"
  integrity sha512-CtuThmgHNg7zIZWAXi3AsyIzA3n4xx7aNyjwC2VJldO2LMVDhFK+63xGqq6CsJH4rTAt6/M+N4GhZiDYPx9eUw==
  dependencies:
    loose-envify "^1.1.0"

source-map-js@^1.0.2:
  version "1.0.2"
  resolved "https://registry.yarnpkg.com/source-map-js/-/source-map-js-1.0.2.tgz#adbc361d9c62df380125e7f161f71c826f1e490c"
  integrity sha512-R0XvVJ9WusLiqTCEiGCmICCMplcCkIwwR11mOSD9CR5u+IXYdiseeEuXCVAjS54zqwkLcPNnmU4OeJ6tUrWhDw==

styled-jsx@5.1.1:
  version "5.1.1"
  resolved "https://registry.yarnpkg.com/styled-jsx/-/styled-jsx-5.1.1.tgz#839a1c3aaacc4e735fed0781b8619ea5d0009d1f"
  integrity sha512-pW7uC1l4mBZ8ugbiZrcIsiIvVx1UmTfw7UkC3Um2tmfUq9Bhk8IiyEIPl6F8agHgjzku6j0xQEZbfA5uSgSaCw==
  dependencies:
    client-only "0.0.1"

tslib@^2.4.0:
  version "2.4.1"
  resolved "https://registry.yarnpkg.com/tslib/-/tslib-2.4.1.tgz#0d0bfbaac2880b91e22df0768e55be9753a5b17e"
  integrity sha512-tGyy4dAjRIEwI7BzsB0lynWgOpfqjUdq91XXAlIWD2OwKBH7oCl/GZG/HT4BOHrTlPMOASlMQ7veyTqpmRcrNA==
